// !$*UTF8*$!
{
	archiveVersion = 1;
	classes = {
	};
	objectVersion = 55;
	objects = {

/* Begin PBXBuildFile section */
		A901A2462773B0EC006FE3D7 /* NetworkLayer.framework in Frameworks */ = {isa = PBXBuildFile; fileRef = A901A2432773B0E6006FE3D7 /* NetworkLayer.framework */; };
		A901A2472773B0EC006FE3D7 /* NetworkLayer.framework in Embed Frameworks */ = {isa = PBXBuildFile; fileRef = A901A2432773B0E6006FE3D7 /* NetworkLayer.framework */; settings = {ATTRIBUTES = (CodeSignOnCopy, RemoveHeadersOnCopy, ); }; };
		A9706DD7276099B3006606CE /* Checkbox.swift in Sources */ = {isa = PBXBuildFile; fileRef = A9706DD6276099B3006606CE /* Checkbox.swift */; };
		A9706DDB27609BD0006606CE /* CheckTableViewCell.swift in Sources */ = {isa = PBXBuildFile; fileRef = A9706DDA27609BD0006606CE /* CheckTableViewCell.swift */; };
		A978F17A2751168800FEBB51 /* AppDelegate.swift in Sources */ = {isa = PBXBuildFile; fileRef = A978F1792751168800FEBB51 /* AppDelegate.swift */; };
		A978F17C2751168800FEBB51 /* SceneDelegate.swift in Sources */ = {isa = PBXBuildFile; fileRef = A978F17B2751168800FEBB51 /* SceneDelegate.swift */; };
		A978F17E2751168800FEBB51 /* PicturesViewController.swift in Sources */ = {isa = PBXBuildFile; fileRef = A978F17D2751168800FEBB51 /* PicturesViewController.swift */; };
		A978F1812751168800FEBB51 /* Main.storyboard in Resources */ = {isa = PBXBuildFile; fileRef = A978F17F2751168800FEBB51 /* Main.storyboard */; };
		A978F1832751168900FEBB51 /* Assets.xcassets in Resources */ = {isa = PBXBuildFile; fileRef = A978F1822751168900FEBB51 /* Assets.xcassets */; };
		A978F1862751168900FEBB51 /* LaunchScreen.storyboard in Resources */ = {isa = PBXBuildFile; fileRef = A978F1842751168900FEBB51 /* LaunchScreen.storyboard */; };
		A978F1932751234700FEBB51 /* GalleryCollectionViewCell.swift in Sources */ = {isa = PBXBuildFile; fileRef = A978F1922751234700FEBB51 /* GalleryCollectionViewCell.swift */; };
		A978F1962751337900FEBB51 /* OptionsViewController.swift in Sources */ = {isa = PBXBuildFile; fileRef = A978F1952751337900FEBB51 /* OptionsViewController.swift */; };
		A97997F1275950AB00F90E1A /* Model.swift in Sources */ = {isa = PBXBuildFile; fileRef = A97997F0275950AB00F90E1A /* Model.swift */; };
		A989977C275B0BF0000E3AEA /* PreviewViewController.swift in Sources */ = {isa = PBXBuildFile; fileRef = A989977B275B0BF0000E3AEA /* PreviewViewController.swift */; };
		A9B342112757D6EE006A887A /* PictureService.swift in Sources */ = {isa = PBXBuildFile; fileRef = A9B342102757D6EE006A887A /* PictureService.swift */; };
		A9BB9DC7275EC72C007414F4 /* FilterViewController.swift in Sources */ = {isa = PBXBuildFile; fileRef = A9BB9DC6275EC72C007414F4 /* FilterViewController.swift */; };
/* End PBXBuildFile section */

/* Begin PBXContainerItemProxy section */
		A901A2422773B0E6006FE3D7 /* PBXContainerItemProxy */ = {
			isa = PBXContainerItemProxy;
			containerPortal = A901A23D2773B0E6006FE3D7 /* NetworkLayer.xcodeproj */;
			proxyType = 2;
			remoteGlobalIDString = A97997BD275943FD00F90E1A;
			remoteInfo = NetworkLayer;
		};
		A901A2442773B0E6006FE3D7 /* PBXContainerItemProxy */ = {
			isa = PBXContainerItemProxy;
			containerPortal = A901A23D2773B0E6006FE3D7 /* NetworkLayer.xcodeproj */;
			proxyType = 2;
			remoteGlobalIDString = A97997C7275943FD00F90E1A;
			remoteInfo = NetworkLayerTests;
		};
/* End PBXContainerItemProxy section */

/* Begin PBXCopyFilesBuildPhase section */
		A97997EF27594F1C00F90E1A /* Embed Frameworks */ = {
			isa = PBXCopyFilesBuildPhase;
			buildActionMask = 2147483647;
			dstPath = "";
			dstSubfolderSpec = 10;
			files = (
				A901A2472773B0EC006FE3D7 /* NetworkLayer.framework in Embed Frameworks */,
			);
			name = "Embed Frameworks";
			runOnlyForDeploymentPostprocessing = 0;
		};
/* End PBXCopyFilesBuildPhase section */

/* Begin PBXFileReference section */
		A901A23D2773B0E6006FE3D7 /* NetworkLayer.xcodeproj */ = {isa = PBXFileReference; lastKnownFileType = "wrapper.pb-project"; name = NetworkLayer.xcodeproj; path = NetworkLayer/NetworkLayer.xcodeproj; sourceTree = "<group>"; };
		A9706DD6276099B3006606CE /* Checkbox.swift */ = {isa = PBXFileReference; lastKnownFileType = sourcecode.swift; path = Checkbox.swift; sourceTree = "<group>"; };
		A9706DDA27609BD0006606CE /* CheckTableViewCell.swift */ = {isa = PBXFileReference; lastKnownFileType = sourcecode.swift; path = CheckTableViewCell.swift; sourceTree = "<group>"; };
		A978F1762751168800FEBB51 /* PictureApp.app */ = {isa = PBXFileReference; explicitFileType = wrapper.application; includeInIndex = 0; path = PictureApp.app; sourceTree = BUILT_PRODUCTS_DIR; };
		A978F1792751168800FEBB51 /* AppDelegate.swift */ = {isa = PBXFileReference; lastKnownFileType = sourcecode.swift; path = AppDelegate.swift; sourceTree = "<group>"; };
		A978F17B2751168800FEBB51 /* SceneDelegate.swift */ = {isa = PBXFileReference; lastKnownFileType = sourcecode.swift; path = SceneDelegate.swift; sourceTree = "<group>"; };
		A978F17D2751168800FEBB51 /* PicturesViewController.swift */ = {isa = PBXFileReference; lastKnownFileType = sourcecode.swift; path = PicturesViewController.swift; sourceTree = "<group>"; };
		A978F1802751168800FEBB51 /* Base */ = {isa = PBXFileReference; lastKnownFileType = file.storyboard; name = Base; path = Base.lproj/Main.storyboard; sourceTree = "<group>"; };
		A978F1822751168900FEBB51 /* Assets.xcassets */ = {isa = PBXFileReference; lastKnownFileType = folder.assetcatalog; path = Assets.xcassets; sourceTree = "<group>"; };
		A978F1852751168900FEBB51 /* Base */ = {isa = PBXFileReference; lastKnownFileType = file.storyboard; name = Base; path = Base.lproj/LaunchScreen.storyboard; sourceTree = "<group>"; };
		A978F1872751168900FEBB51 /* Info.plist */ = {isa = PBXFileReference; lastKnownFileType = text.plist.xml; path = Info.plist; sourceTree = "<group>"; };
		A978F1922751234700FEBB51 /* GalleryCollectionViewCell.swift */ = {isa = PBXFileReference; lastKnownFileType = sourcecode.swift; path = GalleryCollectionViewCell.swift; sourceTree = "<group>"; };
		A978F1952751337900FEBB51 /* OptionsViewController.swift */ = {isa = PBXFileReference; lastKnownFileType = sourcecode.swift; path = OptionsViewController.swift; sourceTree = "<group>"; };
		A97997F0275950AB00F90E1A /* Model.swift */ = {isa = PBXFileReference; lastKnownFileType = sourcecode.swift; path = Model.swift; sourceTree = "<group>"; };
		A989977B275B0BF0000E3AEA /* PreviewViewController.swift */ = {isa = PBXFileReference; lastKnownFileType = sourcecode.swift; path = PreviewViewController.swift; sourceTree = "<group>"; };
		A9B342102757D6EE006A887A /* PictureService.swift */ = {isa = PBXFileReference; lastKnownFileType = sourcecode.swift; path = PictureService.swift; sourceTree = "<group>"; };
		A9BB9DC6275EC72C007414F4 /* FilterViewController.swift */ = {isa = PBXFileReference; lastKnownFileType = sourcecode.swift; path = FilterViewController.swift; sourceTree = "<group>"; };
/* End PBXFileReference section */

/* Begin PBXFrameworksBuildPhase section */
		A978F1732751168800FEBB51 /* Frameworks */ = {
			isa = PBXFrameworksBuildPhase;
			buildActionMask = 2147483647;
			files = (
				A901A2462773B0EC006FE3D7 /* NetworkLayer.framework in Frameworks */,
			);
			runOnlyForDeploymentPostprocessing = 0;
		};
/* End PBXFrameworksBuildPhase section */

/* Begin PBXGroup section */
		A901A23C2773B0E5006FE3D7 /* Frameworks */ = {
			isa = PBXGroup;
			children = (
				A901A23D2773B0E6006FE3D7 /* NetworkLayer.xcodeproj */,
			);
			name = Frameworks;
			sourceTree = "<group>";
		};
		A901A23E2773B0E6006FE3D7 /* Products */ = {
			isa = PBXGroup;
			children = (
				A901A2432773B0E6006FE3D7 /* NetworkLayer.framework */,
				A901A2452773B0E6006FE3D7 /* NetworkLayerTests.xctest */,
			);
			name = Products;
			sourceTree = "<group>";
		};
		A978F16D2751168800FEBB51 = {
			isa = PBXGroup;
			children = (
				A978F1782751168800FEBB51 /* PictureApp */,
				A978F1772751168800FEBB51 /* Products */,
				A901A23C2773B0E5006FE3D7 /* Frameworks */,
			);
			sourceTree = "<group>";
		};
		A978F1772751168800FEBB51 /* Products */ = {
			isa = PBXGroup;
			children = (
				A978F1762751168800FEBB51 /* PictureApp.app */,
			);
			name = Products;
			sourceTree = "<group>";
		};
		A978F1782751168800FEBB51 /* PictureApp */ = {
			isa = PBXGroup;
			children = (
				A9B3420F2757D6D4006A887A /* Services */,
				A978F1942751333800FEBB51 /* Controller */,
				A978F18D27511EBE00FEBB51 /* Model */,
				A978F1792751168800FEBB51 /* AppDelegate.swift */,
				A978F17B2751168800FEBB51 /* SceneDelegate.swift */,
				A978F17F2751168800FEBB51 /* Main.storyboard */,
				A978F1822751168900FEBB51 /* Assets.xcassets */,
				A978F1842751168900FEBB51 /* LaunchScreen.storyboard */,
				A978F1872751168900FEBB51 /* Info.plist */,
			);
			path = PictureApp;
			sourceTree = "<group>";
		};
		A978F18D27511EBE00FEBB51 /* Model */ = {
			isa = PBXGroup;
			children = (
				A978F1922751234700FEBB51 /* GalleryCollectionViewCell.swift */,
				A97997F0275950AB00F90E1A /* Model.swift */,
				A9706DD6276099B3006606CE /* Checkbox.swift */,
				A9706DDA27609BD0006606CE /* CheckTableViewCell.swift */,
			);
			path = Model;
			sourceTree = "<group>";
		};
		A978F1942751333800FEBB51 /* Controller */ = {
			isa = PBXGroup;
			children = (
				A978F17D2751168800FEBB51 /* PicturesViewController.swift */,
				A978F1952751337900FEBB51 /* OptionsViewController.swift */,
				A989977B275B0BF0000E3AEA /* PreviewViewController.swift */,
				A9BB9DC6275EC72C007414F4 /* FilterViewController.swift */,
			);
			path = Controller;
			sourceTree = "<group>";
		};
		A9B3420F2757D6D4006A887A /* Services */ = {
			isa = PBXGroup;
			children = (
				A9B342102757D6EE006A887A /* PictureService.swift */,
			);
			name = Services;
			sourceTree = "<group>";
		};
/* End PBXGroup section */

/* Begin PBXNativeTarget section */
		A978F1752751168800FEBB51 /* PictureApp */ = {
			isa = PBXNativeTarget;
			buildConfigurationList = A978F18A2751168900FEBB51 /* Build configuration list for PBXNativeTarget "PictureApp" */;
			buildPhases = (
				A978F1722751168800FEBB51 /* Sources */,
				A978F1732751168800FEBB51 /* Frameworks */,
				A978F1742751168800FEBB51 /* Resources */,
				A97997EF27594F1C00F90E1A /* Embed Frameworks */,
			);
			buildRules = (
			);
			dependencies = (
			);
			name = PictureApp;
			productName = PictureApp;
			productReference = A978F1762751168800FEBB51 /* PictureApp.app */;
			productType = "com.apple.product-type.application";
		};
/* End PBXNativeTarget section */

/* Begin PBXProject section */
		A978F16E2751168800FEBB51 /* Project object */ = {
			isa = PBXProject;
			attributes = {
				BuildIndependentTargetsInParallel = 1;
				LastSwiftUpdateCheck = 1310;
				LastUpgradeCheck = 1310;
				TargetAttributes = {
					A978F1752751168800FEBB51 = {
						CreatedOnToolsVersion = 13.1;
					};
				};
			};
			buildConfigurationList = A978F1712751168800FEBB51 /* Build configuration list for PBXProject "PictureApp" */;
			compatibilityVersion = "Xcode 13.0";
			developmentRegion = en;
			hasScannedForEncodings = 0;
			knownRegions = (
				en,
				Base,
			);
			mainGroup = A978F16D2751168800FEBB51;
			productRefGroup = A978F1772751168800FEBB51 /* Products */;
			projectDirPath = "";
			projectReferences = (
				{
					ProductGroup = A901A23E2773B0E6006FE3D7 /* Products */;
					ProjectRef = A901A23D2773B0E6006FE3D7 /* NetworkLayer.xcodeproj */;
				},
			);
			projectRoot = "";
			targets = (
				A978F1752751168800FEBB51 /* PictureApp */,
			);
		};
/* End PBXProject section */

/* Begin PBXReferenceProxy section */
		A901A2432773B0E6006FE3D7 /* NetworkLayer.framework */ = {
			isa = PBXReferenceProxy;
			fileType = wrapper.framework;
			path = NetworkLayer.framework;
			remoteRef = A901A2422773B0E6006FE3D7 /* PBXContainerItemProxy */;
			sourceTree = BUILT_PRODUCTS_DIR;
		};
		A901A2452773B0E6006FE3D7 /* NetworkLayerTests.xctest */ = {
			isa = PBXReferenceProxy;
			fileType = wrapper.cfbundle;
			path = NetworkLayerTests.xctest;
			remoteRef = A901A2442773B0E6006FE3D7 /* PBXContainerItemProxy */;
			sourceTree = BUILT_PRODUCTS_DIR;
		};
/* End PBXReferenceProxy section */

/* Begin PBXResourcesBuildPhase section */
		A978F1742751168800FEBB51 /* Resources */ = {
			isa = PBXResourcesBuildPhase;
			buildActionMask = 2147483647;
			files = (
				A978F1862751168900FEBB51 /* LaunchScreen.storyboard in Resources */,
				A978F1832751168900FEBB51 /* Assets.xcassets in Resources */,
				A978F1812751168800FEBB51 /* Main.storyboard in Resources */,
			);
			runOnlyForDeploymentPostprocessing = 0;
		};
/* End PBXResourcesBuildPhase section */

/* Begin PBXSourcesBuildPhase section */
		A978F1722751168800FEBB51 /* Sources */ = {
			isa = PBXSourcesBuildPhase;
			buildActionMask = 2147483647;
			files = (
				A9706DDB27609BD0006606CE /* CheckTableViewCell.swift in Sources */,
				A97997F1275950AB00F90E1A /* Model.swift in Sources */,
				A978F17E2751168800FEBB51 /* PicturesViewController.swift in Sources */,
				A978F1932751234700FEBB51 /* GalleryCollectionViewCell.swift in Sources */,
				A9BB9DC7275EC72C007414F4 /* FilterViewController.swift in Sources */,
				A9706DD7276099B3006606CE /* Checkbox.swift in Sources */,
				A978F1962751337900FEBB51 /* OptionsViewController.swift in Sources */,
				A9B342112757D6EE006A887A /* PictureService.swift in Sources */,
				A978F17A2751168800FEBB51 /* AppDelegate.swift in Sources */,
				A978F17C2751168800FEBB51 /* SceneDelegate.swift in Sources */,
				A989977C275B0BF0000E3AEA /* PreviewViewController.swift in Sources */,
			);
			runOnlyForDeploymentPostprocessing = 0;
		};
/* End PBXSourcesBuildPhase section */

/* Begin PBXVariantGroup section */
		A978F17F2751168800FEBB51 /* Main.storyboard */ = {
			isa = PBXVariantGroup;
			children = (
				A978F1802751168800FEBB51 /* Base */,
			);
			name = Main.storyboard;
			sourceTree = "<group>";
		};
		A978F1842751168900FEBB51 /* LaunchScreen.storyboard */ = {
			isa = PBXVariantGroup;
			children = (
				A978F1852751168900FEBB51 /* Base */,
			);
			name = LaunchScreen.storyboard;
			sourceTree = "<group>";
		};
/* End PBXVariantGroup section */

/* Begin XCBuildConfiguration section */
		A978F1882751168900FEBB51 /* Debug */ = {
			isa = XCBuildConfiguration;
			buildSettings = {
				ALWAYS_SEARCH_USER_PATHS = NO;
				CLANG_ANALYZER_NONNULL = YES;
				CLANG_ANALYZER_NUMBER_OBJECT_CONVERSION = YES_AGGRESSIVE;
				CLANG_CXX_LANGUAGE_STANDARD = "gnu++17";
				CLANG_CXX_LIBRARY = "libc++";
				CLANG_ENABLE_MODULES = YES;
				CLANG_ENABLE_OBJC_ARC = YES;
				CLANG_ENABLE_OBJC_WEAK = YES;
				CLANG_WARN_BLOCK_CAPTURE_AUTORELEASING = YES;
				CLANG_WARN_BOOL_CONVERSION = YES;
				CLANG_WARN_COMMA = YES;
				CLANG_WARN_CONSTANT_CONVERSION = YES;
				CLANG_WARN_DEPRECATED_OBJC_IMPLEMENTATIONS = YES;
				CLANG_WARN_DIRECT_OBJC_ISA_USAGE = YES_ERROR;
				CLANG_WARN_DOCUMENTATION_COMMENTS = YES;
				CLANG_WARN_EMPTY_BODY = YES;
				CLANG_WARN_ENUM_CONVERSION = YES;
				CLANG_WARN_INFINITE_RECURSION = YES;
				CLANG_WARN_INT_CONVERSION = YES;
				CLANG_WARN_NON_LITERAL_NULL_CONVERSION = YES;
				CLANG_WARN_OBJC_IMPLICIT_RETAIN_SELF = YES;
				CLANG_WARN_OBJC_LITERAL_CONVERSION = YES;
				CLANG_WARN_OBJC_ROOT_CLASS = YES_ERROR;
				CLANG_WARN_QUOTED_INCLUDE_IN_FRAMEWORK_HEADER = YES;
				CLANG_WARN_RANGE_LOOP_ANALYSIS = YES;
				CLANG_WARN_STRICT_PROTOTYPES = YES;
				CLANG_WARN_SUSPICIOUS_MOVE = YES;
				CLANG_WARN_UNGUARDED_AVAILABILITY = YES_AGGRESSIVE;
				CLANG_WARN_UNREACHABLE_CODE = YES;
				CLANG_WARN__DUPLICATE_METHOD_MATCH = YES;
				COPY_PHASE_STRIP = NO;
				DEBUG_INFORMATION_FORMAT = dwarf;
				ENABLE_STRICT_OBJC_MSGSEND = YES;
				ENABLE_TESTABILITY = YES;
				GCC_C_LANGUAGE_STANDARD = gnu11;
				GCC_DYNAMIC_NO_PIC = NO;
				GCC_NO_COMMON_BLOCKS = YES;
				GCC_OPTIMIZATION_LEVEL = 0;
				GCC_PREPROCESSOR_DEFINITIONS = (
					"DEBUG=1",
					"$(inherited)",
				);
				GCC_WARN_64_TO_32_BIT_CONVERSION = YES;
				GCC_WARN_ABOUT_RETURN_TYPE = YES_ERROR;
				GCC_WARN_UNDECLARED_SELECTOR = YES;
				GCC_WARN_UNINITIALIZED_AUTOS = YES_AGGRESSIVE;
				GCC_WARN_UNUSED_FUNCTION = YES;
				GCC_WARN_UNUSED_VARIABLE = YES;
				IPHONEOS_DEPLOYMENT_TARGET = 15.0;
				MTL_ENABLE_DEBUG_INFO = INCLUDE_SOURCE;
				MTL_FAST_MATH = YES;
				ONLY_ACTIVE_ARCH = YES;
				SDKROOT = iphoneos;
				SWIFT_ACTIVE_COMPILATION_CONDITIONS = DEBUG;
				SWIFT_OPTIMIZATION_LEVEL = "-Onone";
			};
			name = Debug;
		};
		A978F1892751168900FEBB51 /* Release */ = {
			isa = XCBuildConfiguration;
			buildSettings = {
				ALWAYS_SEARCH_USER_PATHS = NO;
				CLANG_ANALYZER_NONNULL = YES;
				CLANG_ANALYZER_NUMBER_OBJECT_CONVERSION = YES_AGGRESSIVE;
				CLANG_CXX_LANGUAGE_STANDARD = "gnu++17";
				CLANG_CXX_LIBRARY = "libc++";
				CLANG_ENABLE_MODULES = YES;
				CLANG_ENABLE_OBJC_ARC = YES;
				CLANG_ENABLE_OBJC_WEAK = YES;
				CLANG_WARN_BLOCK_CAPTURE_AUTORELEASING = YES;
				CLANG_WARN_BOOL_CONVERSION = YES;
				CLANG_WARN_COMMA = YES;
				CLANG_WARN_CONSTANT_CONVERSION = YES;
				CLANG_WARN_DEPRECATED_OBJC_IMPLEMENTATIONS = YES;
				CLANG_WARN_DIRECT_OBJC_ISA_USAGE = YES_ERROR;
				CLANG_WARN_DOCUMENTATION_COMMENTS = YES;
				CLANG_WARN_EMPTY_BODY = YES;
				CLANG_WARN_ENUM_CONVERSION = YES;
				CLANG_WARN_INFINITE_RECURSION = YES;
				CLANG_WARN_INT_CONVERSION = YES;
				CLANG_WARN_NON_LITERAL_NULL_CONVERSION = YES;
				CLANG_WARN_OBJC_IMPLICIT_RETAIN_SELF = YES;
				CLANG_WARN_OBJC_LITERAL_CONVERSION = YES;
				CLANG_WARN_OBJC_ROOT_CLASS = YES_ERROR;
				CLANG_WARN_QUOTED_INCLUDE_IN_FRAMEWORK_HEADER = YES;
				CLANG_WARN_RANGE_LOOP_ANALYSIS = YES;
				CLANG_WARN_STRICT_PROTOTYPES = YES;
				CLANG_WARN_SUSPICIOUS_MOVE = YES;
				CLANG_WARN_UNGUARDED_AVAILABILITY = YES_AGGRESSIVE;
				CLANG_WARN_UNREACHABLE_CODE = YES;
				CLANG_WARN__DUPLICATE_METHOD_MATCH = YES;
				COPY_PHASE_STRIP = NO;
				DEBUG_INFORMATION_FORMAT = "dwarf-with-dsym";
				ENABLE_NS_ASSERTIONS = NO;
				ENABLE_STRICT_OBJC_MSGSEND = YES;
				GCC_C_LANGUAGE_STANDARD = gnu11;
				GCC_NO_COMMON_BLOCKS = YES;
				GCC_WARN_64_TO_32_BIT_CONVERSION = YES;
				GCC_WARN_ABOUT_RETURN_TYPE = YES_ERROR;
				GCC_WARN_UNDECLARED_SELECTOR = YES;
				GCC_WARN_UNINITIALIZED_AUTOS = YES_AGGRESSIVE;
				GCC_WARN_UNUSED_FUNCTION = YES;
				GCC_WARN_UNUSED_VARIABLE = YES;
				IPHONEOS_DEPLOYMENT_TARGET = 15.0;
				MTL_ENABLE_DEBUG_INFO = NO;
				MTL_FAST_MATH = YES;
				SDKROOT = iphoneos;
				SWIFT_COMPILATION_MODE = wholemodule;
				SWIFT_OPTIMIZATION_LEVEL = "-O";
				VALIDATE_PRODUCT = YES;
			};
			name = Release;
		};
		A978F18B2751168900FEBB51 /* Debug */ = {
			isa = XCBuildConfiguration;
			buildSettings = {
				ASSETCATALOG_COMPILER_APPICON_NAME = AppIcon;
				ASSETCATALOG_COMPILER_GLOBAL_ACCENT_COLOR_NAME = AccentColor;
				CODE_SIGN_STYLE = Automatic;
				CURRENT_PROJECT_VERSION = 1;
				GENERATE_INFOPLIST_FILE = YES;
				INFOPLIST_FILE = PictureApp/Info.plist;
				INFOPLIST_KEY_UIApplicationSupportsIndirectInputEvents = YES;
				INFOPLIST_KEY_UILaunchStoryboardName = LaunchScreen;
				INFOPLIST_KEY_UIMainStoryboardFile = Main;
				INFOPLIST_KEY_UISupportedInterfaceOrientations_iPad = "UIInterfaceOrientationPortrait UIInterfaceOrientationPortraitUpsideDown UIInterfaceOrientationLandscapeLeft UIInterfaceOrientationLandscapeRight";
				INFOPLIST_KEY_UISupportedInterfaceOrientations_iPhone = "UIInterfaceOrientationPortrait UIInterfaceOrientationLandscapeLeft UIInterfaceOrientationLandscapeRight";
				LD_RUNPATH_SEARCH_PATHS = (
					"$(inherited)",
					"@executable_path/Frameworks",
				);
				MARKETING_VERSION = 1.0;
				PRODUCT_BUNDLE_IDENTIFIER = com.irinagorbachenko.PictureApp;
				PRODUCT_NAME = "$(TARGET_NAME)";
				SWIFT_EMIT_LOC_STRINGS = YES;
				SWIFT_VERSION = 5.0;
				TARGETED_DEVICE_FAMILY = "1,2";
			};
			name = Debug;
		};
		A978F18C2751168900FEBB51 /* Release */ = {
			isa = XCBuildConfiguration;
			buildSettings = {
				ASSETCATALOG_COMPILER_APPICON_NAME = AppIcon;
				ASSETCATALOG_COMPILER_GLOBAL_ACCENT_COLOR_NAME = AccentColor;
				CODE_SIGN_STYLE = Automatic;
				CURRENT_PROJECT_VERSION = 1;
				GENERATE_INFOPLIST_FILE = YES;
				INFOPLIST_FILE = PictureApp/Info.plist;
				INFOPLIST_KEY_UIApplicationSupportsIndirectInputEvents = YES;
				INFOPLIST_KEY_UILaunchStoryboardName = LaunchScreen;
				INFOPLIST_KEY_UIMainStoryboardFile = Main;
				INFOPLIST_KEY_UISupportedInterfaceOrientations_iPad = "UIInterfaceOrientationPortrait UIInterfaceOrientationPortraitUpsideDown UIInterfaceOrientationLandscapeLeft UIInterfaceOrientationLandscapeRight";
				INFOPLIST_KEY_UISupportedInterfaceOrientations_iPhone = "UIInterfaceOrientationPortrait UIInterfaceOrientationLandscapeLeft UIInterfaceOrientationLandscapeRight";
				LD_RUNPATH_SEARCH_PATHS = (
					"$(inherited)",
					"@executable_path/Frameworks",
				);
				MARKETING_VERSION = 1.0;
				PRODUCT_BUNDLE_IDENTIFIER = com.irinagorbachenko.PictureApp;
				PRODUCT_NAME = "$(TARGET_NAME)";
				SWIFT_EMIT_LOC_STRINGS = YES;
				SWIFT_VERSION = 5.0;
				TARGETED_DEVICE_FAMILY = "1,2";
			};
			name = Release;
		};
/* End XCBuildConfiguration section */

/* Begin XCConfigurationList section */
		A978F1712751168800FEBB51 /* Build configuration list for PBXProject "PictureApp" */ = {
			isa = XCConfigurationList;
			buildConfigurations = (
				A978F1882751168900FEBB51 /* Debug */,
				A978F1892751168900FEBB51 /* Release */,
			);
			defaultConfigurationIsVisible = 0;
			defaultConfigurationName = Release;
		};
		A978F18A2751168900FEBB51 /* Build configuration list for PBXNativeTarget "PictureApp" */ = {
			isa = XCConfigurationList;
			buildConfigurations = (
				A978F18B2751168900FEBB51 /* Debug */,
				A978F18C2751168900FEBB51 /* Release */,
			);
			defaultConfigurationIsVisible = 0;
			defaultConfigurationName = Release;
		};
/* End XCConfigurationList section */
	};
	rootObject = A978F16E2751168800FEBB51 /* Project object */;
}
